
Microsoft Visual Studio Solution File, Format Version 12.00
# Visual Studio Version 16
VisualStudioVersion = 16.0.33214.272
MinimumVisualStudioVersion = 10.0.40219.1
Project("{FAE04EC0-301F-11D3-BF4B-00C04F79EFBC}") = "APISmartControl", "APISmartControl\APISmartControl.csproj", "{91A2391A-EFA5-4D86-8CF9-60889456CD51}"
EndProject
Global
	GlobalSection(SolutionConfigurationPlatforms) = preSolution
		Debug|Any CPU = Debug|Any CPU
		Release|Any CPU = Release|Any CPU
	EndGlobalSection
	GlobalSection(ProjectConfigurationPlatforms) = postSolution
		{91A2391A-EFA5-4D86-8CF9-60889456CD51}.Debug|Any CPU.ActiveCfg = Debug|Any CPU
		{91A2391A-EFA5-4D86-8CF9-60889456CD51}.Debug|Any CPU.Build.0 = Debug|Any CPU
		{91A2391A-EFA5-4D86-8CF9-60889456CD51}.Release|Any CPU.ActiveCfg = Release|Any CPU
		{91A2391A-EFA5-4D86-8CF9-60889456CD51}.Release|Any CPU.Build.0 = Release|Any CPU
	EndGlobalSection
	GlobalSection(SolutionProperties) = preSolution
		HideSolutionNode = FALSE
	EndGlobalSection
	GlobalSection(ExtensibilityGlobals) = postSolution
		SolutionGuid = {DC83A8B6-65E5-4A23-BAA4-7CE61410C5A2}
	EndGlobalSection
EndGlobal
